// !$*UTF8*$!
{
	archiveVersion = 1;
	classes = {
	};
	objectVersion = 46;
	objects = {

/* Begin PBXBuildFile section */
		BFBE96B2176A01F200F368BD /* UIKit.framework in Frameworks */ = {isa = PBXBuildFile; fileRef = BFBE96B1176A01F200F368BD /* UIKit.framework */; };
		BFBE96B4176A01F200F368BD /* Foundation.framework in Frameworks */ = {isa = PBXBuildFile; fileRef = BFBE96B3176A01F200F368BD /* Foundation.framework */; };
		BFBE96B6176A01F200F368BD /* CoreGraphics.framework in Frameworks */ = {isa = PBXBuildFile; fileRef = BFBE96B5176A01F200F368BD /* CoreGraphics.framework */; };
		BFBE96BC176A01F200F368BD /* InfoPlist.strings in Resources */ = {isa = PBXBuildFile; fileRef = BFBE96BA176A01F200F368BD /* InfoPlist.strings */; };
		BFBE96BE176A01F200F368BD /* main.m in Sources */ = {isa = PBXBuildFile; fileRef = BFBE96BD176A01F200F368BD /* main.m */; };
		BFBE96C2176A01F200F368BD /* AppDelegate.m in Sources */ = {isa = PBXBuildFile; fileRef = BFBE96C1176A01F200F368BD /* AppDelegate.m */; };
		BFBE96C4176A01F200F368BD /* Default.png in Resources */ = {isa = PBXBuildFile; fileRef = BFBE96C3176A01F200F368BD /* Default.png */; };
		BFBE96C6176A01F200F368BD /* Default@2x.png in Resources */ = {isa = PBXBuildFile; fileRef = BFBE96C5176A01F200F368BD /* Default@2x.png */; };
		BFBE96C8176A01F200F368BD /* Default-568h@2x.png in Resources */ = {isa = PBXBuildFile; fileRef = BFBE96C7176A01F200F368BD /* Default-568h@2x.png */; };
		BFBE96CB176A01F200F368BD /* MainStoryboard.storyboard in Resources */ = {isa = PBXBuildFile; fileRef = BFBE96C9176A01F200F368BD /* MainStoryboard.storyboard */; };
		BFBE96CE176A01F200F368BD /* ViewController.m in Sources */ = {isa = PBXBuildFile; fileRef = BFBE96CD176A01F200F368BD /* ViewController.m */; };
/* End PBXBuildFile section */

/* Begin PBXFileReference section */
		BFBE96AE176A01F200F368BD /* TableTesting.app */ = {isa = PBXFileReference; explicitFileType = wrapper.application; includeInIndex = 0; path = TableTesting.app; sourceTree = BUILT_PRODUCTS_DIR; };
		BFBE96B1176A01F200F368BD /* UIKit.framework */ = {isa = PBXFileReference; lastKnownFileType = wrapper.framework; name = UIKit.framework; path = System/Library/Frameworks/UIKit.framework; sourceTree = SDKROOT; };
		BFBE96B3176A01F200F368BD /* Foundation.framework */ = {isa = PBXFileReference; lastKnownFileType = wrapper.framework; name = Foundation.framework; path = System/Library/Frameworks/Foundation.framework; sourceTree = SDKROOT; };
		BFBE96B5176A01F200F368BD /* CoreGraphics.framework */ = {isa = PBXFileReference; lastKnownFileType = wrapper.framework; name = CoreGraphics.framework; path = System/Library/Frameworks/CoreGraphics.framework; sourceTree = SDKROOT; };
		BFBE96B9176A01F200F368BD /* TableTesting-Info.plist */ = {isa = PBXFileReference; lastKnownFileType = text.plist.xml; path = "TableTesting-Info.plist"; sourceTree = "<group>"; };
		BFBE96BB176A01F200F368BD /* en */ = {isa = PBXFileReference; lastKnownFileType = text.plist.strings; name = en; path = en.lproj/InfoPlist.strings; sourceTree = "<group>"; };
		BFBE96BD176A01F200F368BD /* main.m */ = {isa = PBXFileReference; lastKnownFileType = sourcecode.c.objc; path = main.m; sourceTree = "<group>"; };
		BFBE96BF176A01F200F368BD /* TableTesting-Prefix.pch */ = {isa = PBXFileReference; lastKnownFileType = sourcecode.c.h; path = "TableTesting-Prefix.pch"; sourceTree = "<group>"; };
		BFBE96C0176A01F200F368BD /* AppDelegate.h */ = {isa = PBXFileReference; lastKnownFileType = sourcecode.c.h; path = AppDelegate.h; sourceTree = "<group>"; };
		BFBE96C1176A01F200F368BD /* AppDelegate.m */ = {isa = PBXFileReference; lastKnownFileType = sourcecode.c.objc; path = AppDelegate.m; sourceTree = "<group>"; };
		BFBE96C3176A01F200F368BD /* Default.png */ = {isa = PBXFileReference; lastKnownFileType = image.png; path = Default.png; sourceTree = "<group>"; };
		BFBE96C5176A01F200F368BD /* Default@2x.png */ = {isa = PBXFileReference; lastKnownFileType = image.png; path = "Default@2x.png"; sourceTree = "<group>"; };
		BFBE96C7176A01F200F368BD /* Default-568h@2x.png */ = {isa = PBXFileReference; lastKnownFileType = image.png; path = "Default-568h@2x.png"; sourceTree = "<group>"; };
		BFBE96CA176A01F200F368BD /* en */ = {isa = PBXFileReference; lastKnownFileType = file.storyboard; name = en; path = en.lproj/MainStoryboard.storyboard; sourceTree = "<group>"; };
		BFBE96CC176A01F200F368BD /* ViewController.h */ = {isa = PBXFileReference; lastKnownFileType = sourcecode.c.h; path = ViewController.h; sourceTree = "<group>"; };
		BFBE96CD176A01F200F368BD /* ViewController.m */ = {isa = PBXFileReference; lastKnownFileType = sourcecode.c.objc; path = ViewController.m; sourceTree = "<group>"; };
/* End PBXFileReference section */

/* Begin PBXFrameworksBuildPhase section */
		BFBE96AB176A01F200F368BD /* Frameworks */ = {
			isa = PBXFrameworksBuildPhase;
			buildActionMask = 2147483647;
			files = (
				BFBE96B2176A01F200F368BD /* UIKit.framework in Frameworks */,
				BFBE96B4176A01F200F368BD /* Foundation.framework in Frameworks */,
				BFBE96B6176A01F200F368BD /* CoreGraphics.framework in Frameworks */,
			);
			runOnlyForDeploymentPostprocessing = 0;
		};
/* End PBXFrameworksBuildPhase section */

/* Begin PBXGroup section */
		BFBE96A5176A01F200F368BD = {
			isa = PBXGroup;
			children = (
				BFBE96B7176A01F200F368BD /* TableTesting */,
				BFBE96B0176A01F200F368BD /* Frameworks */,
				BFBE96AF176A01F200F368BD /* Products */,
			);
			sourceTree = "<group>";
		};
		BFBE96AF176A01F200F368BD /* Products */ = {
			isa = PBXGroup;
			children = (
				BFBE96AE176A01F200F368BD /* TableTesting.app */,
			);
			name = Products;
			sourceTree = "<group>";
		};
		BFBE96B0176A01F200F368BD /* Frameworks */ = {
			isa = PBXGroup;
			children = (
				BFBE96B1176A01F200F368BD /* UIKit.framework */,
				BFBE96B3176A01F200F368BD /* Foundation.framework */,
				BFBE96B5176A01F200F368BD /* CoreGraphics.framework */,
			);
			name = Frameworks;
			sourceTree = "<group>";
		};
		BFBE96B7176A01F200F368BD /* TableTesting */ = {
			isa = PBXGroup;
			children = (
				BFBE96C0176A01F200F368BD /* AppDelegate.h */,
				BFBE96C1176A01F200F368BD /* AppDelegate.m */,
				BFBE96C9176A01F200F368BD /* MainStoryboard.storyboard */,
				BFBE96CC176A01F200F368BD /* ViewController.h */,
				BFBE96CD176A01F200F368BD /* ViewController.m */,
				BFBE96B8176A01F200F368BD /* Supporting Files */,
			);
			path = TableTesting;
			sourceTree = "<group>";
		};
		BFBE96B8176A01F200F368BD /* Supporting Files */ = {
			isa = PBXGroup;
			children = (
				BFBE96B9176A01F200F368BD /* TableTesting-Info.plist */,
				BFBE96BA176A01F200F368BD /* InfoPlist.strings */,
				BFBE96BD176A01F200F368BD /* main.m */,
				BFBE96BF176A01F200F368BD /* TableTesting-Prefix.pch */,
				BFBE96C3176A01F200F368BD /* Default.png */,
				BFBE96C5176A01F200F368BD /* Default@2x.png */,
				BFBE96C7176A01F200F368BD /* Default-568h@2x.png */,
			);
			name = "Supporting Files";
			sourceTree = "<group>";
		};
/* End PBXGroup section */

/* Begin PBXNativeTarget section */
		BFBE96AD176A01F200F368BD /* TableTesting */ = {
			isa = PBXNativeTarget;
			buildConfigurationList = BFBE96D1176A01F200F368BD /* Build configuration list for PBXNativeTarget "TableTesting" */;
			buildPhases = (
				BFBE96AA176A01F200F368BD /* Sources */,
				BFBE96AB176A01F200F368BD /* Frameworks */,
				BFBE96AC176A01F200F368BD /* Resources */,
			);
			buildRules = (
			);
			dependencies = (
			);
			name = TableTesting;
			productName = TableTesting;
			productReference = BFBE96AE176A01F200F368BD /* TableTesting.app */;
			productType = "com.apple.product-type.application";
		};
/* End PBXNativeTarget section */

/* Begin PBXProject section */
		BFBE96A6176A01F200F368BD /* Project object */ = {
			isa = PBXProject;
			attributes = {
				LastUpgradeCheck = 0460;
				ORGANIZATIONNAME = "Huan Lin";
			};
			buildConfigurationList = BFBE96A9176A01F200F368BD /* Build configuration list for PBXProject "TableTesting" */;
			compatibilityVersion = "Xcode 3.2";
			developmentRegion = English;
			hasScannedForEncodings = 0;
			knownRegions = (
				en,
			);
			mainGroup = BFBE96A5176A01F200F368BD;
			productRefGroup = BFBE96AF176A01F200F368BD /* Products */;
			projectDirPath = "";
			projectRoot = "";
			targets = (
				BFBE96AD176A01F200F368BD /* TableTesting */,
			);
		};
/* End PBXProject section */

/* Begin PBXResourcesBuildPhase section */
		BFBE96AC176A01F200F368BD /* Resources */ = {
			isa = PBXResourcesBuildPhase;
			buildActionMask = 2147483647;
			files = (
				BFBE96BC176A01F200F368BD /* InfoPlist.strings in Resources */,
				BFBE96C4176A01F200F368BD /* Default.png in Resources */,
				BFBE96C6176A01F200F368BD /* Default@2x.png in Resources */,
				BFBE96C8176A01F200F368BD /* Default-568h@2x.png in Resources */,
				BFBE96CB176A01F200F368BD /* MainStoryboard.storyboard in Resources */,
			);
			runOnlyForDeploymentPostprocessing = 0;
		};
/* End PBXResourcesBuildPhase section */

/* Begin PBXSourcesBuildPhase section */
		BFBE96AA176A01F200F368BD /* Sources */ = {
			isa = PBXSourcesBuildPhase;
			buildActionMask = 2147483647;
			files = (
				BFBE96BE176A01F200F368BD /* main.m in Sources */,
				BFBE96C2176A01F200F368BD /* AppDelegate.m in Sources */,
				BFBE96CE176A01F200F368BD /* ViewController.m in Sources */,
			);
			runOnlyForDeploymentPostprocessing = 0;
		};
/* End PBXSourcesBuildPhase section */

/* Begin PBXVariantGroup section */
		BFBE96BA176A01F200F368BD /* InfoPlist.strings */ = {
			isa = PBXVariantGroup;
			children = (
				BFBE96BB176A01F200F368BD /* en */,
			);
			name = InfoPlist.strings;
			sourceTree = "<group>";
		};
		BFBE96C9176A01F200F368BD /* MainStoryboard.storyboard */ = {
			isa = PBXVariantGroup;
			children = (
				BFBE96CA176A01F200F368BD /* en */,
			);
			name = MainStoryboard.storyboard;
			sourceTree = "<group>";
		};
/* End PBXVariantGroup section */

/* Begin XCBuildConfiguration section */
		BFBE96CF176A01F200F368BD /* Debug */ = {
			isa = XCBuildConfiguration;
			buildSettings = {
				ALWAYS_SEARCH_USER_PATHS = NO;
				CLANG_CXX_LANGUAGE_STANDARD = "gnu++0x";
				CLANG_CXX_LIBRARY = "libc++";
				CLANG_ENABLE_OBJC_ARC = YES;
				CLANG_WARN_CONSTANT_CONVERSION = YES;
				CLANG_WARN_EMPTY_BODY = YES;
				CLANG_WARN_ENUM_CONVERSION = YES;
				CLANG_WARN_INT_CONVERSION = YES;
				CLANG_WARN__DUPLICATE_METHOD_MATCH = YES;
				"CODE_SIGN_IDENTITY[sdk=iphoneos*]" = "iPhone Developer";
				COPY_PHASE_STRIP = NO;
				GCC_C_LANGUAGE_STANDARD = gnu99;
				GCC_DYNAMIC_NO_PIC = NO;
				GCC_OPTIMIZATION_LEVEL = 0;
				GCC_PREPROCESSOR_DEFINITIONS = (
					"DEBUG=1",
					"$(inherited)",
				);
				GCC_SYMBOLS_PRIVATE_EXTERN = NO;
				GCC_WARN_ABOUT_RETURN_TYPE = YES;
				GCC_WARN_UNINITIALIZED_AUTOS = YES;
				GCC_WARN_UNUSED_VARIABLE = YES;
				IPHONEOS_DEPLOYMENT_TARGET = 6.1;
				ONLY_ACTIVE_ARCH = YES;
				SDKROOT = iphoneos;
			};
			name = Debug;
		};
		BFBE96D0176A01F200F368BD /* Release */ = {
			isa = XCBuildConfiguration;
			buildSettings = {
				ALWAYS_SEARCH_USER_PATHS = NO;
				CLANG_CXX_LANGUAGE_STANDARD = "gnu++0x";
				CLANG_CXX_LIBRARY = "libc++";
				CLANG_ENABLE_OBJC_ARC = YES;
				CLANG_WARN_CONSTANT_CONVERSION = YES;
				CLANG_WARN_EMPTY_BODY = YES;
				CLANG_WARN_ENUM_CONVERSION = YES;
				CLANG_WARN_INT_CONVERSION = YES;
				CLANG_WARN__DUPLICATE_METHOD_MATCH = YES;
				"CODE_SIGN_IDENTITY[sdk=iphoneos*]" = "iPhone Developer";
				COPY_PHASE_STRIP = YES;
				GCC_C_LANGUAGE_STANDARD = gnu99;
				GCC_WARN_ABOUT_RETURN_TYPE = YES;
				GCC_WARN_UNINITIALIZED_AUTOS = YES;
				GCC_WARN_UNUSED_VARIABLE = YES;
				IPHONEOS_DEPLOYMENT_TARGET = 6.1;
				OTHER_CFLAGS = "-DNS_BLOCK_ASSERTIONS=1";
				SDKROOT = iphoneos;
				VALIDATE_PRODUCT = YES;
			};
			name = Release;
		};
		BFBE96D2176A01F200F368BD /* Debug */ = {
			isa = XCBuildConfiguration;
			buildSettings = {
				GCC_PRECOMPILE_PREFIX_HEADER = YES;
				GCC_PREFIX_HEADER = "TableTesting/TableTesting-Prefix.pch";
				INFOPLIST_FILE = "TableTesting/TableTesting-Info.plist";
				PRODUCT_NAME = "$(TARGET_NAME)";
				WRAPPER_EXTENSION = app;
			};
			name = Debug;
		};
		BFBE96D3176A01F200F368BD /* Release */ = {
			isa = XCBuildConfiguration;
			buildSettings = {
				GCC_PRECOMPILE_PREFIX_HEADER = YES;
				GCC_PREFIX_HEADER = "TableTesting/TableTesting-Prefix.pch";
				INFOPLIST_FILE = "TableTesting/TableTesting-Info.plist";
				PRODUCT_NAME = "$(TARGET_NAME)";
				WRAPPER_EXTENSION = app;
			};
			name = Release;
		};
/* End XCBuildConfiguration section */

/* Begin XCConfigurationList section */
		BFBE96A9176A01F200F368BD /* Build configuration list for PBXProject "TableTesting" */ = {
			isa = XCConfigurationList;
			buildConfigurations = (
				BFBE96CF176A01F200F368BD /* Debug */,
				BFBE96D0176A01F200F368BD /* Release */,
			);
			defaultConfigurationIsVisible = 0;
			defaultConfigurationName = Release;
		};
		BFBE96D1176A01F200F368BD /* Build configuration list for PBXNativeTarget "TableTesting" */ = {
			isa = XCConfigurationList;
			buildConfigurations = (
				BFBE96D2176A01F200F368BD /* Debug */,
				BFBE96D3176A01F200F368BD /* Release */,
			);
			defaultConfigurationIsVisible = 0;
		};
/* End XCConfigurationList section */
	};
	rootObject = BFBE96A6176A01F200F368BD /* Project object */;
}
